// !$*UTF8*$!
{
	archiveVersion = 1;
	classes = {
	};
	objectVersion = 42;
	objects = {

/* Begin PBXBuildFile section */
		28278CF50991DC8F00BCE5A7 /* NSDictionary+BSJSONAdditions.m in Sources */ = {isa = PBXBuildFile; fileRef = 28278CF40991DC8F00BCE5A7 /* NSDictionary+BSJSONAdditions.m */; };
		28278CF60991DC8F00BCE5A7 /* NSDictionary+BSJSONAdditions.m in Sources */ = {isa = PBXBuildFile; fileRef = 28278CF40991DC8F00BCE5A7 /* NSDictionary+BSJSONAdditions.m */; };
		28278CF90991DC9F00BCE5A7 /* NSScanner+BSJSONAdditions.m in Sources */ = {isa = PBXBuildFile; fileRef = 28278CF80991DC9F00BCE5A7 /* NSScanner+BSJSONAdditions.m */; };
		28278CFA0991DC9F00BCE5A7 /* NSScanner+BSJSONAdditions.m in Sources */ = {isa = PBXBuildFile; fileRef = 28278CF80991DC9F00BCE5A7 /* NSScanner+BSJSONAdditions.m */; };
		2889EE950F7956BB00B514B9 /* NSArray+BSJSONAdditions.m in Sources */ = {isa = PBXBuildFile; fileRef = 2889EE940F7956BB00B514B9 /* NSArray+BSJSONAdditions.m */; };
		2889EE960F7956BB00B514B9 /* NSArray+BSJSONAdditions.m in Sources */ = {isa = PBXBuildFile; fileRef = 2889EE940F7956BB00B514B9 /* NSArray+BSJSONAdditions.m */; };
		2889EE9C0F7997E500B514B9 /* NSString+BSJSONAdditions.m in Sources */ = {isa = PBXBuildFile; fileRef = 2889EE9B0F7997E500B514B9 /* NSString+BSJSONAdditions.m */; };
		2889EE9D0F7997E500B514B9 /* NSString+BSJSONAdditions.m in Sources */ = {isa = PBXBuildFile; fileRef = 2889EE9B0F7997E500B514B9 /* NSString+BSJSONAdditions.m */; };
		289A90620992AF6B0026B656 /* SenTestingKit.framework in Frameworks */ = {isa = PBXBuildFile; fileRef = 289A90610992AF6B0026B656 /* SenTestingKit.framework */; };
		289A90630992AF6B0026B656 /* SenTestingKit.framework in Frameworks */ = {isa = PBXBuildFile; fileRef = 289A90610992AF6B0026B656 /* SenTestingKit.framework */; };
		581BAB610FCC62C100FC9A5F /* BSJSONEncoder.m in Sources */ = {isa = PBXBuildFile; fileRef = 581BAB600FCC62C100FC9A5F /* BSJSONEncoder.m */; };
		581BAB6F0FCC693200FC9A5F /* BSJSONEncoder.m in Sources */ = {isa = PBXBuildFile; fileRef = 581BAB600FCC62C100FC9A5F /* BSJSONEncoder.m */; };
		58B809040FCDBDB8002EBA8C /* BSJSONScanner_UnitTests.m in Sources */ = {isa = PBXBuildFile; fileRef = 58B808FF0FCDBDB8002EBA8C /* BSJSONScanner_UnitTests.m */; };
		58B809050FCDBDB8002EBA8C /* JSONValidTests.m in Sources */ = {isa = PBXBuildFile; fileRef = 58B809010FCDBDB8002EBA8C /* JSONValidTests.m */; };
		58B809060FCDBDB8002EBA8C /* NSArray_UnitTests.m in Sources */ = {isa = PBXBuildFile; fileRef = 58B809030FCDBDB8002EBA8C /* NSArray_UnitTests.m */; };
		58B8090E0FCDBDD9002EBA8C /* json_test_invalid_01.txt in Resources */ = {isa = PBXBuildFile; fileRef = 58B809070FCDBDD9002EBA8C /* json_test_invalid_01.txt */; };
		58B8090F0FCDBDD9002EBA8C /* json_test_valid_01.txt in Resources */ = {isa = PBXBuildFile; fileRef = 58B809080FCDBDD9002EBA8C /* json_test_valid_01.txt */; };
		58B809100FCDBDD9002EBA8C /* json_test_valid_02.txt in Resources */ = {isa = PBXBuildFile; fileRef = 58B809090FCDBDD9002EBA8C /* json_test_valid_02.txt */; };
		58B809110FCDBDD9002EBA8C /* json_test_valid_03.txt in Resources */ = {isa = PBXBuildFile; fileRef = 58B8090A0FCDBDD9002EBA8C /* json_test_valid_03.txt */; };
		58B809120FCDBDD9002EBA8C /* json_test_valid_04.txt in Resources */ = {isa = PBXBuildFile; fileRef = 58B8090B0FCDBDD9002EBA8C /* json_test_valid_04.txt */; };
		58B809130FCDBDD9002EBA8C /* json_test_valid_05.txt in Resources */ = {isa = PBXBuildFile; fileRef = 58B8090C0FCDBDD9002EBA8C /* json_test_valid_05.txt */; };
		58B809140FCDBDD9002EBA8C /* json_test_valid_06.txt in Resources */ = {isa = PBXBuildFile; fileRef = 58B8090D0FCDBDD9002EBA8C /* json_test_valid_06.txt */; };
		58B809170FCDBDE5002EBA8C /* NSString_UnitTests.m in Sources */ = {isa = PBXBuildFile; fileRef = 58B809160FCDBDE5002EBA8C /* NSString_UnitTests.m */; };
		58B809400FCDC791002EBA8C /* NSDictionary_UnitTests.m in Sources */ = {isa = PBXBuildFile; fileRef = 58B8093F0FCDC791002EBA8C /* NSDictionary_UnitTests.m */; };
		8D11072A0486CEB800E47090 /* MainMenu.nib in Resources */ = {isa = PBXBuildFile; fileRef = 29B97318FDCFA39411CA2CEA /* MainMenu.nib */; };
		8D11072B0486CEB800E47090 /* InfoPlist.strings in Resources */ = {isa = PBXBuildFile; fileRef = 089C165CFE840E0CC02AAC07 /* InfoPlist.strings */; };
		8D11072D0486CEB800E47090 /* main.m in Sources */ = {isa = PBXBuildFile; fileRef = 29B97316FDCFA39411CA2CEA /* main.m */; settings = {ATTRIBUTES = (); }; };
		8D11072F0486CEB800E47090 /* Cocoa.framework in Frameworks */ = {isa = PBXBuildFile; fileRef = 1058C7A1FEA54F0111CA2CBB /* Cocoa.framework */; };
/* End PBXBuildFile section */

/* Begin PBXContainerItemProxy section */
		28278CF00991DC5800BCE5A7 /* PBXContainerItemProxy */ = {
			isa = PBXContainerItemProxy;
			containerPortal = 29B97313FDCFA39411CA2CEA /* Project object */;
			proxyType = 1;
			remoteGlobalIDString = 8D1107260486CEB800E47090;
			remoteInfo = BSJSONAdditions;
		};
/* End PBXContainerItemProxy section */

/* Begin PBXFileReference section */
		089C165DFE840E0CC02AAC07 /* English */ = {isa = PBXFileReference; fileEncoding = 10; lastKnownFileType = text.plist.strings; name = English; path = English.lproj/InfoPlist.strings; sourceTree = "<group>"; };
		1058C7A1FEA54F0111CA2CBB /* Cocoa.framework */ = {isa = PBXFileReference; lastKnownFileType = wrapper.framework; name = Cocoa.framework; path = /System/Library/Frameworks/Cocoa.framework; sourceTree = "<absolute>"; };
		13E42FB307B3F0F600E4EEF1 /* CoreData.framework */ = {isa = PBXFileReference; lastKnownFileType = wrapper.framework; name = CoreData.framework; path = /System/Library/Frameworks/CoreData.framework; sourceTree = "<absolute>"; };
		28278CEA0991DC5000BCE5A7 /* Unit Tests.octest */ = {isa = PBXFileReference; explicitFileType = wrapper.cfbundle; includeInIndex = 0; path = "Unit Tests.octest"; sourceTree = BUILT_PRODUCTS_DIR; };
		28278CEB0991DC5000BCE5A7 /* Unit Tests-Info.plist */ = {isa = PBXFileReference; lastKnownFileType = text.plist.xml; path = "Unit Tests-Info.plist"; sourceTree = "<group>"; };
		28278CF30991DC8F00BCE5A7 /* NSDictionary+BSJSONAdditions.h */ = {isa = PBXFileReference; fileEncoding = 4; lastKnownFileType = sourcecode.c.h; path = "NSDictionary+BSJSONAdditions.h"; sourceTree = "<group>"; };
		28278CF40991DC8F00BCE5A7 /* NSDictionary+BSJSONAdditions.m */ = {isa = PBXFileReference; fileEncoding = 4; lastKnownFileType = sourcecode.c.objc; path = "NSDictionary+BSJSONAdditions.m"; sourceTree = "<group>"; };
		28278CF70991DC9F00BCE5A7 /* NSScanner+BSJSONAdditions.h */ = {isa = PBXFileReference; fileEncoding = 4; lastKnownFileType = sourcecode.c.h; path = "NSScanner+BSJSONAdditions.h"; sourceTree = "<group>"; };
		28278CF80991DC9F00BCE5A7 /* NSScanner+BSJSONAdditions.m */ = {isa = PBXFileReference; fileEncoding = 4; lastKnownFileType = sourcecode.c.objc; path = "NSScanner+BSJSONAdditions.m"; sourceTree = "<group>"; };
		2889EE930F7956BB00B514B9 /* NSArray+BSJSONAdditions.h */ = {isa = PBXFileReference; fileEncoding = 4; lastKnownFileType = sourcecode.c.h; path = "NSArray+BSJSONAdditions.h"; sourceTree = "<group>"; };
		2889EE940F7956BB00B514B9 /* NSArray+BSJSONAdditions.m */ = {isa = PBXFileReference; fileEncoding = 4; lastKnownFileType = sourcecode.c.objc; path = "NSArray+BSJSONAdditions.m"; sourceTree = "<group>"; };
		2889EE9A0F7997E500B514B9 /* NSString+BSJSONAdditions.h */ = {isa = PBXFileReference; fileEncoding = 4; lastKnownFileType = sourcecode.c.h; path = "NSString+BSJSONAdditions.h"; sourceTree = "<group>"; };
		2889EE9B0F7997E500B514B9 /* NSString+BSJSONAdditions.m */ = {isa = PBXFileReference; fileEncoding = 4; lastKnownFileType = sourcecode.c.objc; path = "NSString+BSJSONAdditions.m"; sourceTree = "<group>"; };
		289A90610992AF6B0026B656 /* SenTestingKit.framework */ = {isa = PBXFileReference; lastKnownFileType = wrapper.framework; name = SenTestingKit.framework; path = /Developer/SDKs/MacOSX10.4u.sdk/System/Library/Frameworks/SenTestingKit.framework; sourceTree = "<absolute>"; };
		29B97316FDCFA39411CA2CEA /* main.m */ = {isa = PBXFileReference; fileEncoding = 4; lastKnownFileType = sourcecode.c.objc; path = main.m; sourceTree = "<group>"; };
		29B97319FDCFA39411CA2CEA /* English */ = {isa = PBXFileReference; lastKnownFileType = wrapper.nib; name = English; path = English.lproj/MainMenu.nib; sourceTree = "<group>"; };
		29B97324FDCFA39411CA2CEA /* AppKit.framework */ = {isa = PBXFileReference; lastKnownFileType = wrapper.framework; name = AppKit.framework; path = /System/Library/Frameworks/AppKit.framework; sourceTree = "<absolute>"; };
		29B97325FDCFA39411CA2CEA /* Foundation.framework */ = {isa = PBXFileReference; lastKnownFileType = wrapper.framework; name = Foundation.framework; path = /System/Library/Frameworks/Foundation.framework; sourceTree = "<absolute>"; };
		32CA4F630368D1EE00C91783 /* BSJSONAdditions_Prefix.pch */ = {isa = PBXFileReference; fileEncoding = 4; lastKnownFileType = sourcecode.c.h; path = BSJSONAdditions_Prefix.pch; sourceTree = "<group>"; };
		581BAB5F0FCC62C100FC9A5F /* BSJSONEncoder.h */ = {isa = PBXFileReference; fileEncoding = 4; lastKnownFileType = sourcecode.c.h; path = BSJSONEncoder.h; sourceTree = "<group>"; };
		581BAB600FCC62C100FC9A5F /* BSJSONEncoder.m */ = {isa = PBXFileReference; fileEncoding = 4; lastKnownFileType = sourcecode.c.objc; path = BSJSONEncoder.m; sourceTree = "<group>"; };
		58B808FE0FCDBDB8002EBA8C /* BSJSONScanner_UnitTests.h */ = {isa = PBXFileReference; fileEncoding = 4; lastKnownFileType = sourcecode.c.h; path = BSJSONScanner_UnitTests.h; sourceTree = "<group>"; };
		58B808FF0FCDBDB8002EBA8C /* BSJSONScanner_UnitTests.m */ = {isa = PBXFileReference; fileEncoding = 4; lastKnownFileType = sourcecode.c.objc; path = BSJSONScanner_UnitTests.m; sourceTree = "<group>"; };
		58B809000FCDBDB8002EBA8C /* JSONValidTests.h */ = {isa = PBXFileReference; fileEncoding = 4; lastKnownFileType = sourcecode.c.h; path = JSONValidTests.h; sourceTree = "<group>"; };
		58B809010FCDBDB8002EBA8C /* JSONValidTests.m */ = {isa = PBXFileReference; fileEncoding = 4; lastKnownFileType = sourcecode.c.objc; path = JSONValidTests.m; sourceTree = "<group>"; };
		58B809020FCDBDB8002EBA8C /* NSArray_UnitTests.h */ = {isa = PBXFileReference; fileEncoding = 4; lastKnownFileType = sourcecode.c.h; path = NSArray_UnitTests.h; sourceTree = "<group>"; };
		58B809030FCDBDB8002EBA8C /* NSArray_UnitTests.m */ = {isa = PBXFileReference; fileEncoding = 4; lastKnownFileType = sourcecode.c.objc; path = NSArray_UnitTests.m; sourceTree = "<group>"; };
		58B809070FCDBDD9002EBA8C /* json_test_invalid_01.txt */ = {isa = PBXFileReference; fileEncoding = 4; lastKnownFileType = text; path = json_test_invalid_01.txt; sourceTree = "<group>"; };
		58B809080FCDBDD9002EBA8C /* json_test_valid_01.txt */ = {isa = PBXFileReference; fileEncoding = 4; lastKnownFileType = text; path = json_test_valid_01.txt; sourceTree = "<group>"; };
		58B809090FCDBDD9002EBA8C /* json_test_valid_02.txt */ = {isa = PBXFileReference; fileEncoding = 4; lastKnownFileType = text; path = json_test_valid_02.txt; sourceTree = "<group>"; };
		58B8090A0FCDBDD9002EBA8C /* json_test_valid_03.txt */ = {isa = PBXFileReference; fileEncoding = 4; lastKnownFileType = text; path = json_test_valid_03.txt; sourceTree = "<group>"; };
		58B8090B0FCDBDD9002EBA8C /* json_test_valid_04.txt */ = {isa = PBXFileReference; fileEncoding = 4; lastKnownFileType = text; path = json_test_valid_04.txt; sourceTree = "<group>"; };
		58B8090C0FCDBDD9002EBA8C /* json_test_valid_05.txt */ = {isa = PBXFileReference; fileEncoding = 4; lastKnownFileType = text; path = json_test_valid_05.txt; sourceTree = "<group>"; };
		58B8090D0FCDBDD9002EBA8C /* json_test_valid_06.txt */ = {isa = PBXFileReference; fileEncoding = 4; lastKnownFileType = text; path = json_test_valid_06.txt; sourceTree = "<group>"; };
		58B809150FCDBDE5002EBA8C /* NSString_UnitTests.h */ = {isa = PBXFileReference; fileEncoding = 4; lastKnownFileType = sourcecode.c.h; path = NSString_UnitTests.h; sourceTree = "<group>"; };
		58B809160FCDBDE5002EBA8C /* NSString_UnitTests.m */ = {isa = PBXFileReference; fileEncoding = 4; lastKnownFileType = sourcecode.c.objc; path = NSString_UnitTests.m; sourceTree = "<group>"; };
		58B8093E0FCDC791002EBA8C /* NSDictionary_UnitTests.h */ = {isa = PBXFileReference; fileEncoding = 4; lastKnownFileType = sourcecode.c.h; path = NSDictionary_UnitTests.h; sourceTree = "<group>"; };
		58B8093F0FCDC791002EBA8C /* NSDictionary_UnitTests.m */ = {isa = PBXFileReference; fileEncoding = 4; lastKnownFileType = sourcecode.c.objc; path = NSDictionary_UnitTests.m; sourceTree = "<group>"; };
		8D1107310486CEB800E47090 /* Info.plist */ = {isa = PBXFileReference; fileEncoding = 4; lastKnownFileType = text.plist; path = Info.plist; sourceTree = "<group>"; };
		8D1107320486CEB800E47090 /* BSJSONAdditions.app */ = {isa = PBXFileReference; explicitFileType = wrapper.application; includeInIndex = 0; path = BSJSONAdditions.app; sourceTree = BUILT_PRODUCTS_DIR; };
/* End PBXFileReference section */

/* Begin PBXFrameworksBuildPhase section */
		28278CE70991DC5000BCE5A7 /* Frameworks */ = {
			isa = PBXFrameworksBuildPhase;
			buildActionMask = 2147483647;
			files = (
				289A90630992AF6B0026B656 /* SenTestingKit.framework in Frameworks */,
			);
			runOnlyForDeploymentPostprocessing = 0;
		};
		8D11072E0486CEB800E47090 /* Frameworks */ = {
			isa = PBXFrameworksBuildPhase;
			buildActionMask = 2147483647;
			files = (
				8D11072F0486CEB800E47090 /* Cocoa.framework in Frameworks */,
				289A90620992AF6B0026B656 /* SenTestingKit.framework in Frameworks */,
			);
			runOnlyForDeploymentPostprocessing = 0;
		};
/* End PBXFrameworksBuildPhase section */

/* Begin PBXGroup section */
		080E96DDFE201D6D7F000001 /* Classes */ = {
			isa = PBXGroup;
			children = (
				2889EE930F7956BB00B514B9 /* NSArray+BSJSONAdditions.h */,
				2889EE940F7956BB00B514B9 /* NSArray+BSJSONAdditions.m */,
				28278CF30991DC8F00BCE5A7 /* NSDictionary+BSJSONAdditions.h */,
				28278CF40991DC8F00BCE5A7 /* NSDictionary+BSJSONAdditions.m */,
				28278CF70991DC9F00BCE5A7 /* NSScanner+BSJSONAdditions.h */,
				28278CF80991DC9F00BCE5A7 /* NSScanner+BSJSONAdditions.m */,
				2889EE9A0F7997E500B514B9 /* NSString+BSJSONAdditions.h */,
				2889EE9B0F7997E500B514B9 /* NSString+BSJSONAdditions.m */,
				581BAB5F0FCC62C100FC9A5F /* BSJSONEncoder.h */,
				581BAB600FCC62C100FC9A5F /* BSJSONEncoder.m */,
			);
			name = Classes;
			sourceTree = "<group>";
		};
		1058C7A0FEA54F0111CA2CBB /* Linked Frameworks */ = {
			isa = PBXGroup;
			children = (
				289A90610992AF6B0026B656 /* SenTestingKit.framework */,
				1058C7A1FEA54F0111CA2CBB /* Cocoa.framework */,
			);
			name = "Linked Frameworks";
			sourceTree = "<group>";
		};
		1058C7A2FEA54F0111CA2CBB /* Other Frameworks */ = {
			isa = PBXGroup;
			children = (
				29B97324FDCFA39411CA2CEA /* AppKit.framework */,
				13E42FB307B3F0F600E4EEF1 /* CoreData.framework */,
				29B97325FDCFA39411CA2CEA /* Foundation.framework */,
			);
			name = "Other Frameworks";
			sourceTree = "<group>";
		};
		19C28FACFE9D520D11CA2CBB /* Products */ = {
			isa = PBXGroup;
			children = (
				8D1107320486CEB800E47090 /* BSJSONAdditions.app */,
				28278CEA0991DC5000BCE5A7 /* Unit Tests.octest */,
			);
			name = Products;
			sourceTree = "<group>";
		};
		289A902F0992AA150026B656 /* Unit Tests */ = {
			isa = PBXGroup;
			children = (
				58B808FE0FCDBDB8002EBA8C /* BSJSONScanner_UnitTests.h */,
				58B808FF0FCDBDB8002EBA8C /* BSJSONScanner_UnitTests.m */,
				58B809000FCDBDB8002EBA8C /* JSONValidTests.h */,
				58B809010FCDBDB8002EBA8C /* JSONValidTests.m */,
				58B809020FCDBDB8002EBA8C /* NSArray_UnitTests.h */,
				58B809030FCDBDB8002EBA8C /* NSArray_UnitTests.m */,
				58B809150FCDBDE5002EBA8C /* NSString_UnitTests.h */,
				58B809160FCDBDE5002EBA8C /* NSString_UnitTests.m */,
				58B8093E0FCDC791002EBA8C /* NSDictionary_UnitTests.h */,
				58B8093F0FCDC791002EBA8C /* NSDictionary_UnitTests.m */,
				289A90300992AA1F0026B656 /* Test Files */,
			);
			path = "Unit Tests";
			sourceTree = "<group>";
		};
		289A90300992AA1F0026B656 /* Test Files */ = {
			isa = PBXGroup;
			children = (
				58B809070FCDBDD9002EBA8C /* json_test_invalid_01.txt */,
				58B809080FCDBDD9002EBA8C /* json_test_valid_01.txt */,
				58B809090FCDBDD9002EBA8C /* json_test_valid_02.txt */,
				58B8090A0FCDBDD9002EBA8C /* json_test_valid_03.txt */,
				58B8090B0FCDBDD9002EBA8C /* json_test_valid_04.txt */,
				58B8090C0FCDBDD9002EBA8C /* json_test_valid_05.txt */,
				58B8090D0FCDBDD9002EBA8C /* json_test_valid_06.txt */,
			);
			path = "Test Files";
			sourceTree = "<group>";
		};
		29B97314FDCFA39411CA2CEA /* BSJSONAdditions */ = {
			isa = PBXGroup;
			children = (
				289A902F0992AA150026B656 /* Unit Tests */,
				080E96DDFE201D6D7F000001 /* Classes */,
				29B97315FDCFA39411CA2CEA /* Other Sources */,
				29B97317FDCFA39411CA2CEA /* Resources */,
				29B97323FDCFA39411CA2CEA /* Frameworks */,
				19C28FACFE9D520D11CA2CBB /* Products */,
				28278CEB0991DC5000BCE5A7 /* Unit Tests-Info.plist */,
			);
			name = BSJSONAdditions;
			sourceTree = "<group>";
		};
		29B97315FDCFA39411CA2CEA /* Other Sources */ = {
			isa = PBXGroup;
			children = (
				32CA4F630368D1EE00C91783 /* BSJSONAdditions_Prefix.pch */,
				29B97316FDCFA39411CA2CEA /* main.m */,
			);
			name = "Other Sources";
			sourceTree = "<group>";
		};
		29B97317FDCFA39411CA2CEA /* Resources */ = {
			isa = PBXGroup;
			children = (
				8D1107310486CEB800E47090 /* Info.plist */,
				089C165CFE840E0CC02AAC07 /* InfoPlist.strings */,
				29B97318FDCFA39411CA2CEA /* MainMenu.nib */,
			);
			name = Resources;
			sourceTree = "<group>";
		};
		29B97323FDCFA39411CA2CEA /* Frameworks */ = {
			isa = PBXGroup;
			children = (
				1058C7A0FEA54F0111CA2CBB /* Linked Frameworks */,
				1058C7A2FEA54F0111CA2CBB /* Other Frameworks */,
			);
			name = Frameworks;
			sourceTree = "<group>";
		};
/* End PBXGroup section */

/* Begin PBXNativeTarget section */
		28278CE90991DC5000BCE5A7 /* Unit Tests */ = {
			isa = PBXNativeTarget;
			buildConfigurationList = 28278CED0991DC5100BCE5A7 /* Build configuration list for PBXNativeTarget "Unit Tests" */;
			buildPhases = (
				28278CE50991DC5000BCE5A7 /* Resources */,
				28278CE60991DC5000BCE5A7 /* Sources */,
				28278CE70991DC5000BCE5A7 /* Frameworks */,
				28278CE80991DC5000BCE5A7 /* ShellScript */,
			);
			buildRules = (
			);
			dependencies = (
				28278CF10991DC5800BCE5A7 /* PBXTargetDependency */,
			);
			name = "Unit Tests";
			productName = "Unit Tests";
			productReference = 28278CEA0991DC5000BCE5A7 /* Unit Tests.octest */;
			productType = "com.apple.product-type.bundle";
		};
		8D1107260486CEB800E47090 /* BSJSONAdditions */ = {
			isa = PBXNativeTarget;
			buildConfigurationList = C01FCF4A08A954540054247B /* Build configuration list for PBXNativeTarget "BSJSONAdditions" */;
			buildPhases = (
				8D1107290486CEB800E47090 /* Resources */,
				8D11072C0486CEB800E47090 /* Sources */,
				8D11072E0486CEB800E47090 /* Frameworks */,
			);
			buildRules = (
			);
			dependencies = (
			);
			name = BSJSONAdditions;
			productInstallPath = "$(HOME)/Applications";
			productName = BSJSONAdditions;
			productReference = 8D1107320486CEB800E47090 /* BSJSONAdditions.app */;
			productType = "com.apple.product-type.application";
		};
/* End PBXNativeTarget section */

/* Begin PBXProject section */
		29B97313FDCFA39411CA2CEA /* Project object */ = {
			isa = PBXProject;
			buildConfigurationList = C01FCF4E08A954540054247B /* Build configuration list for PBXProject "BSJSONAdditions" */;
			compatibilityVersion = "Xcode 2.4";
			hasScannedForEncodings = 1;
			mainGroup = 29B97314FDCFA39411CA2CEA /* BSJSONAdditions */;
			projectDirPath = "";
			projectRoot = "";
			targets = (
				8D1107260486CEB800E47090 /* BSJSONAdditions */,
				28278CE90991DC5000BCE5A7 /* Unit Tests */,
			);
		};
/* End PBXProject section */

/* Begin PBXResourcesBuildPhase section */
		28278CE50991DC5000BCE5A7 /* Resources */ = {
			isa = PBXResourcesBuildPhase;
			buildActionMask = 2147483647;
			files = (
				58B8090E0FCDBDD9002EBA8C /* json_test_invalid_01.txt in Resources */,
				58B8090F0FCDBDD9002EBA8C /* json_test_valid_01.txt in Resources */,
				58B809100FCDBDD9002EBA8C /* json_test_valid_02.txt in Resources */,
				58B809110FCDBDD9002EBA8C /* json_test_valid_03.txt in Resources */,
				58B809120FCDBDD9002EBA8C /* json_test_valid_04.txt in Resources */,
				58B809130FCDBDD9002EBA8C /* json_test_valid_05.txt in Resources */,
				58B809140FCDBDD9002EBA8C /* json_test_valid_06.txt in Resources */,
			);
			runOnlyForDeploymentPostprocessing = 0;
		};
		8D1107290486CEB800E47090 /* Resources */ = {
			isa = PBXResourcesBuildPhase;
			buildActionMask = 2147483647;
			files = (
				8D11072A0486CEB800E47090 /* MainMenu.nib in Resources */,
				8D11072B0486CEB800E47090 /* InfoPlist.strings in Resources */,
			);
			runOnlyForDeploymentPostprocessing = 0;
		};
/* End PBXResourcesBuildPhase section */

/* Begin PBXShellScriptBuildPhase section */
		28278CE80991DC5000BCE5A7 /* ShellScript */ = {
			isa = PBXShellScriptBuildPhase;
			buildActionMask = 2147483647;
			files = (
			);
			inputPaths = (
			);
			outputPaths = (
			);
			runOnlyForDeploymentPostprocessing = 0;
			shellPath = /bin/sh;
			shellScript = "# Run the unit tests in this test bundle.\n\"${SYSTEM_DEVELOPER_DIR}/Tools/RunUnitTests\"\n";
		};
/* End PBXShellScriptBuildPhase section */

/* Begin PBXSourcesBuildPhase section */
		28278CE60991DC5000BCE5A7 /* Sources */ = {
			isa = PBXSourcesBuildPhase;
			buildActionMask = 2147483647;
			files = (
				28278CF50991DC8F00BCE5A7 /* NSDictionary+BSJSONAdditions.m in Sources */,
				28278CFA0991DC9F00BCE5A7 /* NSScanner+BSJSONAdditions.m in Sources */,
				2889EE950F7956BB00B514B9 /* NSArray+BSJSONAdditions.m in Sources */,
				2889EE9D0F7997E500B514B9 /* NSString+BSJSONAdditions.m in Sources */,
				581BAB610FCC62C100FC9A5F /* BSJSONEncoder.m in Sources */,
				58B809040FCDBDB8002EBA8C /* BSJSONScanner_UnitTests.m in Sources */,
				58B809050FCDBDB8002EBA8C /* JSONValidTests.m in Sources */,
				58B809060FCDBDB8002EBA8C /* NSArray_UnitTests.m in Sources */,
				58B809170FCDBDE5002EBA8C /* NSString_UnitTests.m in Sources */,
				58B809400FCDC791002EBA8C /* NSDictionary_UnitTests.m in Sources */,
			);
			runOnlyForDeploymentPostprocessing = 0;
		};
		8D11072C0486CEB800E47090 /* Sources */ = {
			isa = PBXSourcesBuildPhase;
			buildActionMask = 2147483647;
			files = (
				8D11072D0486CEB800E47090 /* main.m in Sources */,
				28278CF60991DC8F00BCE5A7 /* NSDictionary+BSJSONAdditions.m in Sources */,
				28278CF90991DC9F00BCE5A7 /* NSScanner+BSJSONAdditions.m in Sources */,
				2889EE960F7956BB00B514B9 /* NSArray+BSJSONAdditions.m in Sources */,
				2889EE9C0F7997E500B514B9 /* NSString+BSJSONAdditions.m in Sources */,
				581BAB6F0FCC693200FC9A5F /* BSJSONEncoder.m in Sources */,
			);
			runOnlyForDeploymentPostprocessing = 0;
		};
/* End PBXSourcesBuildPhase section */

/* Begin PBXTargetDependency section */
		28278CF10991DC5800BCE5A7 /* PBXTargetDependency */ = {
			isa = PBXTargetDependency;
			target = 8D1107260486CEB800E47090 /* BSJSONAdditions */;
			targetProxy = 28278CF00991DC5800BCE5A7 /* PBXContainerItemProxy */;
		};
/* End PBXTargetDependency section */

/* Begin PBXVariantGroup section */
		089C165CFE840E0CC02AAC07 /* InfoPlist.strings */ = {
			isa = PBXVariantGroup;
			children = (
				089C165DFE840E0CC02AAC07 /* English */,
			);
			name = InfoPlist.strings;
			sourceTree = "<group>";
		};
		29B97318FDCFA39411CA2CEA /* MainMenu.nib */ = {
			isa = PBXVariantGroup;
			children = (
				29B97319FDCFA39411CA2CEA /* English */,
			);
			name = MainMenu.nib;
			sourceTree = "<group>";
		};
/* End PBXVariantGroup section */

/* Begin XCBuildConfiguration section */
		28278CEE0991DC5100BCE5A7 /* Debug */ = {
			isa = XCBuildConfiguration;
			buildSettings = {
				BUNDLE_LOADER = "$(BUILT_PRODUCTS_DIR)/BSJSONAdditions.app/Contents/MacOS/BSJSONAdditions";
				COPY_PHASE_STRIP = NO;
				FRAMEWORK_SEARCH_PATHS = (
					"$(FRAMEWORK_SEARCH_PATHS)",
					"$(DEVELOPER_FRAMEWORKS_DIR_QUOTED)",
					"$(SYSTEM_DEVELOPER_DIR)/SDKs/MacOSX10.5.sdk/System/Library/Frameworks",
				);
				GCC_DYNAMIC_NO_PIC = NO;
				GCC_ENABLE_FIX_AND_CONTINUE = NO;
				GCC_ENABLE_OBJC_EXCEPTIONS = YES;
				GCC_GENERATE_DEBUGGING_SYMBOLS = YES;
				GCC_MODEL_TUNING = G5;
				GCC_OPTIMIZATION_LEVEL = 0;
				GCC_PRECOMPILE_PREFIX_HEADER = YES;
				GCC_PREFIX_HEADER = "$(SYSTEM_LIBRARY_DIR)/Frameworks/Cocoa.framework/Headers/Cocoa.h";
				INFOPLIST_FILE = "Unit Tests-Info.plist";
				INSTALL_PATH = "$(USER_LIBRARY_DIR)/Bundles";
				OTHER_LDFLAGS = (
					"-framework",
					Cocoa,
					"-framework",
					SenTestingKit,
				);
				PREBINDING = NO;
				PRODUCT_NAME = "Unit Tests";
				SDKROOT = /Developer/SDKs/MacOSX10.5.sdk;
				TEST_HOST = "$(BUNDLE_LOADER)";
				WRAPPER_EXTENSION = octest;
				ZERO_LINK = NO;
			};
			name = Debug;
		};
		28278CEF0991DC5100BCE5A7 /* Release */ = {
			isa = XCBuildConfiguration;
			buildSettings = {
				BUNDLE_LOADER = "$(BUILT_PRODUCTS_DIR)/BSJSONAdditions.app/Contents/MacOS/BSJSONAdditions";
				COPY_PHASE_STRIP = YES;
				FRAMEWORK_SEARCH_PATHS = (
					"$(FRAMEWORK_SEARCH_PATHS)",
					"$(DEVELOPER_FRAMEWORKS_DIR_QUOTED)",
					"$(SYSTEM_DEVELOPER_DIR)/SDKs/MacOSX10.5.sdk/System/Library/Frameworks",
				);
				GCC_ENABLE_FIX_AND_CONTINUE = NO;
				GCC_ENABLE_OBJC_EXCEPTIONS = YES;
				GCC_GENERATE_DEBUGGING_SYMBOLS = NO;
				GCC_MODEL_TUNING = G5;
				GCC_PRECOMPILE_PREFIX_HEADER = YES;
				GCC_PREFIX_HEADER = "$(SYSTEM_LIBRARY_DIR)/Frameworks/Cocoa.framework/Headers/Cocoa.h";
				INFOPLIST_FILE = "Unit Tests-Info.plist";
				INSTALL_PATH = "$(USER_LIBRARY_DIR)/Bundles";
				OTHER_LDFLAGS = (
					"-framework",
					Cocoa,
					"-framework",
					SenTestingKit,
				);
				PREBINDING = NO;
				PRODUCT_NAME = "Unit Tests";
				SDKROOT = /Developer/SDKs/MacOSX10.5.sdk;
				TEST_HOST = "$(BUNDLE_LOADER)";
				WRAPPER_EXTENSION = octest;
				ZERO_LINK = NO;
			};
			name = Release;
		};
		C01FCF4B08A954540054247B /* Debug */ = {
			isa = XCBuildConfiguration;
			buildSettings = {
				COPY_PHASE_STRIP = NO;
				FRAMEWORK_SEARCH_PATHS = (
					"$(FRAMEWORK_SEARCH_PATHS)",
					"$(DEVELOPER_LIBRARY_DIR)/Frameworks",
				);
				GCC_DYNAMIC_NO_PIC = NO;
				GCC_ENABLE_FIX_AND_CONTINUE = YES;
				GCC_MODEL_TUNING = G5;
				GCC_OPTIMIZATION_LEVEL = 0;
				INFOPLIST_FILE = Info.plist;
				INSTALL_PATH = "$(HOME)/Applications";
				PRODUCT_NAME = BSJSONAdditions;
				SDKROOT = /Developer/SDKs/MacOSX10.5.sdk;
				WRAPPER_EXTENSION = app;
				ZERO_LINK = NO;
			};
			name = Debug;
		};
		C01FCF4C08A954540054247B /* Release */ = {
			isa = XCBuildConfiguration;
			buildSettings = {
				ARCHS = (
					ppc,
					i386,
				);
				FRAMEWORK_SEARCH_PATHS = (
					"$(FRAMEWORK_SEARCH_PATHS)",
					"$(DEVELOPER_LIBRARY_DIR)/Frameworks",
				);
				GCC_GENERATE_DEBUGGING_SYMBOLS = NO;
				GCC_MODEL_TUNING = G5;
				INFOPLIST_FILE = Info.plist;
				INSTALL_PATH = "$(HOME)/Applications";
				PRODUCT_NAME = BSJSONAdditions;
				SDKROOT = /Developer/SDKs/MacOSX10.5.sdk;
				WRAPPER_EXTENSION = app;
				ZERO_LINK = NO;
			};
			name = Release;
		};
		C01FCF4F08A954540054247B /* Debug */ = {
			isa = XCBuildConfiguration;
			buildSettings = {
				ALWAYS_SEARCH_USER_PATHS = NO;
				GCC_ENABLE_OBJC_EXCEPTIONS = YES;
				GCC_WARN_ABOUT_RETURN_TYPE = YES;
				GCC_WARN_UNUSED_VARIABLE = YES;
				PREBINDING = NO;
				SDKROOT = /Developer/SDKs/MacOSX10.5.sdk;
				ZERO_LINK = NO;
			};
			name = Debug;
		};
		C01FCF5008A954540054247B /* Release */ = {
			isa = XCBuildConfiguration;
			buildSettings = {
				ALWAYS_SEARCH_USER_PATHS = NO;
				GCC_ENABLE_OBJC_EXCEPTIONS = YES;
				GCC_WARN_ABOUT_RETURN_TYPE = YES;
				GCC_WARN_UNUSED_VARIABLE = YES;
				PREBINDING = NO;
				SDKROOT = /Developer/SDKs/MacOSX10.5.sdk;
				ZERO_LINK = NO;
			};
			name = Release;
		};
/* End XCBuildConfiguration section */

/* Begin XCConfigurationList section */
		28278CED0991DC5100BCE5A7 /* Build configuration list for PBXNativeTarget "Unit Tests" */ = {
			isa = XCConfigurationList;
			buildConfigurations = (
				28278CEE0991DC5100BCE5A7 /* Debug */,
				28278CEF0991DC5100BCE5A7 /* Release */,
			);
			defaultConfigurationIsVisible = 0;
			defaultConfigurationName = Release;
		};
		C01FCF4A08A954540054247B /* Build configuration list for PBXNativeTarget "BSJSONAdditions" */ = {
			isa = XCConfigurationList;
			buildConfigurations = (
				C01FCF4B08A954540054247B /* Debug */,
				C01FCF4C08A954540054247B /* Release */,
			);
			defaultConfigurationIsVisible = 0;
			defaultConfigurationName = Release;
		};
		C01FCF4E08A954540054247B /* Build configuration list for PBXProject "BSJSONAdditions" */ = {
			isa = XCConfigurationList;
			buildConfigurations = (
				C01FCF4F08A954540054247B /* Debug */,
				C01FCF5008A954540054247B /* Release */,
			);
			defaultConfigurationIsVisible = 0;
			defaultConfigurationName = Release;
		};
/* End XCConfigurationList section */
	};
	rootObject = 29B97313FDCFA39411CA2CEA /* Project object */;
}
