// !$*UTF8*$!
{
	archiveVersion = 1;
	classes = {
	};
	objectVersion = 42;
	objects = {

/* Begin PBXAggregateTarget section */
		B146FF2F106D1FA600C857BF /* Configure Project for Unit Testing */ = {
			isa = PBXAggregateTarget;
			buildConfigurationList = B146FF4A106D200D00C857BF /* Build configuration list for PBXAggregateTarget "Configure Project for Unit Testing" */;
			buildPhases = (
				B146FF2E106D1FA600C857BF /* ShellScript */,
			);
			dependencies = (
			);
			name = "Configure Project for Unit Testing";
			productName = Untitled;
		};
/* End PBXAggregateTarget section */

/* Begin PBXBuildFile section */
		28278CF50991DC8F00BCE5A7 /* NSDictionary+BSJSONAdditions.m in Sources */ = {isa = PBXBuildFile; fileRef = 28278CF40991DC8F00BCE5A7 /* NSDictionary+BSJSONAdditions.m */; };
		28278CFA0991DC9F00BCE5A7 /* NSScanner+BSJSONAdditions.m in Sources */ = {isa = PBXBuildFile; fileRef = 28278CF80991DC9F00BCE5A7 /* NSScanner+BSJSONAdditions.m */; };
		2889EE950F7956BB00B514B9 /* NSArray+BSJSONAdditions.m in Sources */ = {isa = PBXBuildFile; fileRef = 2889EE940F7956BB00B514B9 /* NSArray+BSJSONAdditions.m */; };
		2889EE9D0F7997E500B514B9 /* NSString+BSJSONAdditions.m in Sources */ = {isa = PBXBuildFile; fileRef = 2889EE9B0F7997E500B514B9 /* NSString+BSJSONAdditions.m */; };
		581BAB610FCC62C100FC9A5F /* BSJSONEncoder.m in Sources */ = {isa = PBXBuildFile; fileRef = 581BAB600FCC62C100FC9A5F /* BSJSONEncoder.m */; };
		58B809040FCDBDB8002EBA8C /* NSScannerAdditionTests.m in Sources */ = {isa = PBXBuildFile; fileRef = 58B808FF0FCDBDB8002EBA8C /* NSScannerAdditionTests.m */; };
		58B809050FCDBDB8002EBA8C /* JSONValidTests.m in Sources */ = {isa = PBXBuildFile; fileRef = 58B809010FCDBDB8002EBA8C /* JSONValidTests.m */; };
		58B809060FCDBDB8002EBA8C /* NSArray_UnitTests.m in Sources */ = {isa = PBXBuildFile; fileRef = 58B809030FCDBDB8002EBA8C /* NSArray_UnitTests.m */; };
		58B8090E0FCDBDD9002EBA8C /* json_test_invalid_01.txt in Resources */ = {isa = PBXBuildFile; fileRef = 58B809070FCDBDD9002EBA8C /* json_test_invalid_01.txt */; };
		58B8090F0FCDBDD9002EBA8C /* json_test_valid_01.txt in Resources */ = {isa = PBXBuildFile; fileRef = 58B809080FCDBDD9002EBA8C /* json_test_valid_01.txt */; };
		58B809100FCDBDD9002EBA8C /* json_test_valid_02.txt in Resources */ = {isa = PBXBuildFile; fileRef = 58B809090FCDBDD9002EBA8C /* json_test_valid_02.txt */; };
		58B809110FCDBDD9002EBA8C /* json_test_valid_03.txt in Resources */ = {isa = PBXBuildFile; fileRef = 58B8090A0FCDBDD9002EBA8C /* json_test_valid_03.txt */; };
		58B809120FCDBDD9002EBA8C /* json_test_valid_04.txt in Resources */ = {isa = PBXBuildFile; fileRef = 58B8090B0FCDBDD9002EBA8C /* json_test_valid_04.txt */; };
		58B809130FCDBDD9002EBA8C /* json_test_valid_05.txt in Resources */ = {isa = PBXBuildFile; fileRef = 58B8090C0FCDBDD9002EBA8C /* json_test_valid_05.txt */; };
		58B809140FCDBDD9002EBA8C /* json_test_valid_06.txt in Resources */ = {isa = PBXBuildFile; fileRef = 58B8090D0FCDBDD9002EBA8C /* json_test_valid_06.txt */; };
		58B809170FCDBDE5002EBA8C /* NSString_UnitTests.m in Sources */ = {isa = PBXBuildFile; fileRef = 58B809160FCDBDE5002EBA8C /* NSString_UnitTests.m */; };
		58B809400FCDC791002EBA8C /* NSDictionary_UnitTests.m in Sources */ = {isa = PBXBuildFile; fileRef = 58B8093F0FCDC791002EBA8C /* NSDictionary_UnitTests.m */; };
		B146FD32106D157400C857BF /* SenTestingKit.framework in Frameworks */ = {isa = PBXBuildFile; fileRef = B146FD31106D157400C857BF /* SenTestingKit.framework */; };
		B146FDD6106D1F2900C857BF /* Foundation.framework in Frameworks */ = {isa = PBXBuildFile; fileRef = 29B97325FDCFA39411CA2CEA /* Foundation.framework */; };
/* End PBXBuildFile section */

/* Begin PBXFileReference section */
		28278CEA0991DC5000BCE5A7 /* UnitTests.octest */ = {isa = PBXFileReference; explicitFileType = wrapper.cfbundle; includeInIndex = 0; path = UnitTests.octest; sourceTree = BUILT_PRODUCTS_DIR; };
		28278CEB0991DC5000BCE5A7 /* UnitTests-Info.plist */ = {isa = PBXFileReference; lastKnownFileType = text.plist.xml; path = "UnitTests-Info.plist"; sourceTree = "<group>"; };
		28278CF30991DC8F00BCE5A7 /* NSDictionary+BSJSONAdditions.h */ = {isa = PBXFileReference; fileEncoding = 4; lastKnownFileType = sourcecode.c.h; path = "NSDictionary+BSJSONAdditions.h"; sourceTree = "<group>"; };
		28278CF40991DC8F00BCE5A7 /* NSDictionary+BSJSONAdditions.m */ = {isa = PBXFileReference; fileEncoding = 4; lastKnownFileType = sourcecode.c.objc; path = "NSDictionary+BSJSONAdditions.m"; sourceTree = "<group>"; };
		28278CF70991DC9F00BCE5A7 /* NSScanner+BSJSONAdditions.h */ = {isa = PBXFileReference; fileEncoding = 4; lastKnownFileType = sourcecode.c.h; path = "NSScanner+BSJSONAdditions.h"; sourceTree = "<group>"; };
		28278CF80991DC9F00BCE5A7 /* NSScanner+BSJSONAdditions.m */ = {isa = PBXFileReference; fileEncoding = 4; lastKnownFileType = sourcecode.c.objc; path = "NSScanner+BSJSONAdditions.m"; sourceTree = "<group>"; };
		2889EE930F7956BB00B514B9 /* NSArray+BSJSONAdditions.h */ = {isa = PBXFileReference; fileEncoding = 4; lastKnownFileType = sourcecode.c.h; path = "NSArray+BSJSONAdditions.h"; sourceTree = "<group>"; };
		2889EE940F7956BB00B514B9 /* NSArray+BSJSONAdditions.m */ = {isa = PBXFileReference; fileEncoding = 4; lastKnownFileType = sourcecode.c.objc; path = "NSArray+BSJSONAdditions.m"; sourceTree = "<group>"; };
		2889EE9A0F7997E500B514B9 /* NSString+BSJSONAdditions.h */ = {isa = PBXFileReference; fileEncoding = 4; lastKnownFileType = sourcecode.c.h; path = "NSString+BSJSONAdditions.h"; sourceTree = "<group>"; };
		2889EE9B0F7997E500B514B9 /* NSString+BSJSONAdditions.m */ = {isa = PBXFileReference; fileEncoding = 4; lastKnownFileType = sourcecode.c.objc; path = "NSString+BSJSONAdditions.m"; sourceTree = "<group>"; };
		29B97325FDCFA39411CA2CEA /* Foundation.framework */ = {isa = PBXFileReference; lastKnownFileType = wrapper.framework; name = Foundation.framework; path = /System/Library/Frameworks/Foundation.framework; sourceTree = "<absolute>"; };
		581BAB5F0FCC62C100FC9A5F /* BSJSONEncoder.h */ = {isa = PBXFileReference; fileEncoding = 4; lastKnownFileType = sourcecode.c.h; path = BSJSONEncoder.h; sourceTree = "<group>"; };
		581BAB600FCC62C100FC9A5F /* BSJSONEncoder.m */ = {isa = PBXFileReference; fileEncoding = 4; lastKnownFileType = sourcecode.c.objc; path = BSJSONEncoder.m; sourceTree = "<group>"; };
		58B808FF0FCDBDB8002EBA8C /* NSScannerAdditionTests.m */ = {isa = PBXFileReference; fileEncoding = 4; lastKnownFileType = sourcecode.c.objc; path = NSScannerAdditionTests.m; sourceTree = "<group>"; };
		58B809010FCDBDB8002EBA8C /* JSONValidTests.m */ = {isa = PBXFileReference; fileEncoding = 4; lastKnownFileType = sourcecode.c.objc; path = JSONValidTests.m; sourceTree = "<group>"; };
		58B809030FCDBDB8002EBA8C /* NSArray_UnitTests.m */ = {isa = PBXFileReference; fileEncoding = 4; lastKnownFileType = sourcecode.c.objc; path = NSArray_UnitTests.m; sourceTree = "<group>"; };
		58B809070FCDBDD9002EBA8C /* json_test_invalid_01.txt */ = {isa = PBXFileReference; fileEncoding = 4; lastKnownFileType = text; path = json_test_invalid_01.txt; sourceTree = "<group>"; };
		58B809080FCDBDD9002EBA8C /* json_test_valid_01.txt */ = {isa = PBXFileReference; fileEncoding = 4; lastKnownFileType = text; path = json_test_valid_01.txt; sourceTree = "<group>"; };
		58B809090FCDBDD9002EBA8C /* json_test_valid_02.txt */ = {isa = PBXFileReference; fileEncoding = 4; lastKnownFileType = text; path = json_test_valid_02.txt; sourceTree = "<group>"; };
		58B8090A0FCDBDD9002EBA8C /* json_test_valid_03.txt */ = {isa = PBXFileReference; fileEncoding = 4; lastKnownFileType = text; path = json_test_valid_03.txt; sourceTree = "<group>"; };
		58B8090B0FCDBDD9002EBA8C /* json_test_valid_04.txt */ = {isa = PBXFileReference; fileEncoding = 4; lastKnownFileType = text; path = json_test_valid_04.txt; sourceTree = "<group>"; };
		58B8090C0FCDBDD9002EBA8C /* json_test_valid_05.txt */ = {isa = PBXFileReference; fileEncoding = 4; lastKnownFileType = text; path = json_test_valid_05.txt; sourceTree = "<group>"; };
		58B8090D0FCDBDD9002EBA8C /* json_test_valid_06.txt */ = {isa = PBXFileReference; fileEncoding = 4; lastKnownFileType = text; path = json_test_valid_06.txt; sourceTree = "<group>"; };
		58B809160FCDBDE5002EBA8C /* NSString_UnitTests.m */ = {isa = PBXFileReference; fileEncoding = 4; lastKnownFileType = sourcecode.c.objc; path = NSString_UnitTests.m; sourceTree = "<group>"; };
		58B8093F0FCDC791002EBA8C /* NSDictionary_UnitTests.m */ = {isa = PBXFileReference; fileEncoding = 4; lastKnownFileType = sourcecode.c.objc; path = NSDictionary_UnitTests.m; sourceTree = "<group>"; };
		B146FD31106D157400C857BF /* SenTestingKit.framework */ = {isa = PBXFileReference; lastKnownFileType = wrapper.framework; name = SenTestingKit.framework; path = /System/Library/Frameworks/SenTestingKit.framework; sourceTree = "<absolute>"; };
		B146FD61106D16E800C857BF /* UnitTestSetup.applescript */ = {isa = PBXFileReference; fileEncoding = 4; lastKnownFileType = sourcecode.applescript; path = UnitTestSetup.applescript; sourceTree = "<group>"; };
		B146FDB1106D1BB400C857BF /* UnitTests_Prefix.pch */ = {isa = PBXFileReference; fileEncoding = 4; lastKnownFileType = sourcecode.c.h; path = UnitTests_Prefix.pch; sourceTree = "<group>"; };
		B146FDB8106D1C0E00C857BF /* Debug.xcconfig */ = {isa = PBXFileReference; fileEncoding = 4; lastKnownFileType = text.xcconfig; name = Debug.xcconfig; path = ../Debug.xcconfig; sourceTree = "<group>"; };
		B146FDBB106D1C1C00C857BF /* Release.xcconfig */ = {isa = PBXFileReference; fileEncoding = 4; lastKnownFileType = text.xcconfig; name = Release.xcconfig; path = ../Release.xcconfig; sourceTree = "<group>"; };
/* End PBXFileReference section */

/* Begin PBXFrameworksBuildPhase section */
		28278CE70991DC5000BCE5A7 /* Frameworks */ = {
			isa = PBXFrameworksBuildPhase;
			buildActionMask = 2147483647;
			files = (
				B146FDD6106D1F2900C857BF /* Foundation.framework in Frameworks */,
				B146FD32106D157400C857BF /* SenTestingKit.framework in Frameworks */,
			);
			runOnlyForDeploymentPostprocessing = 0;
		};
/* End PBXFrameworksBuildPhase section */

/* Begin PBXGroup section */
		080E96DDFE201D6D7F000001 /* Classes */ = {
			isa = PBXGroup;
			children = (
				2889EE930F7956BB00B514B9 /* NSArray+BSJSONAdditions.h */,
				2889EE940F7956BB00B514B9 /* NSArray+BSJSONAdditions.m */,
				28278CF30991DC8F00BCE5A7 /* NSDictionary+BSJSONAdditions.h */,
				28278CF40991DC8F00BCE5A7 /* NSDictionary+BSJSONAdditions.m */,
				28278CF70991DC9F00BCE5A7 /* NSScanner+BSJSONAdditions.h */,
				28278CF80991DC9F00BCE5A7 /* NSScanner+BSJSONAdditions.m */,
				2889EE9A0F7997E500B514B9 /* NSString+BSJSONAdditions.h */,
				2889EE9B0F7997E500B514B9 /* NSString+BSJSONAdditions.m */,
				581BAB5F0FCC62C100FC9A5F /* BSJSONEncoder.h */,
				581BAB600FCC62C100FC9A5F /* BSJSONEncoder.m */,
			);
			name = Classes;
			sourceTree = "<group>";
		};
		1058C7A0FEA54F0111CA2CBB /* Linked Frameworks */ = {
			isa = PBXGroup;
			children = (
				29B97325FDCFA39411CA2CEA /* Foundation.framework */,
			);
			name = "Linked Frameworks";
			sourceTree = "<group>";
		};
		1058C7A2FEA54F0111CA2CBB /* Other Frameworks */ = {
			isa = PBXGroup;
			children = (
				B146FD31106D157400C857BF /* SenTestingKit.framework */,
			);
			name = "Other Frameworks";
			sourceTree = "<group>";
		};
		19C28FACFE9D520D11CA2CBB /* Products */ = {
			isa = PBXGroup;
			children = (
				28278CEA0991DC5000BCE5A7 /* UnitTests.octest */,
			);
			name = Products;
			sourceTree = "<group>";
		};
		289A902F0992AA150026B656 /* UnitTests */ = {
			isa = PBXGroup;
			children = (
				B146FFA6106D253E00C857BF /* Build Support */,
				289A90300992AA1F0026B656 /* Test Files */,
				58B808FF0FCDBDB8002EBA8C /* NSScannerAdditionTests.m */,
				58B809010FCDBDB8002EBA8C /* JSONValidTests.m */,
				58B809030FCDBDB8002EBA8C /* NSArray_UnitTests.m */,
				58B809160FCDBDE5002EBA8C /* NSString_UnitTests.m */,
				58B8093F0FCDC791002EBA8C /* NSDictionary_UnitTests.m */,
			);
			path = UnitTests;
			sourceTree = "<group>";
		};
		289A90300992AA1F0026B656 /* Test Files */ = {
			isa = PBXGroup;
			children = (
				58B809070FCDBDD9002EBA8C /* json_test_invalid_01.txt */,
				58B809080FCDBDD9002EBA8C /* json_test_valid_01.txt */,
				58B809090FCDBDD9002EBA8C /* json_test_valid_02.txt */,
				58B8090A0FCDBDD9002EBA8C /* json_test_valid_03.txt */,
				58B8090B0FCDBDD9002EBA8C /* json_test_valid_04.txt */,
				58B8090C0FCDBDD9002EBA8C /* json_test_valid_05.txt */,
				58B8090D0FCDBDD9002EBA8C /* json_test_valid_06.txt */,
			);
			path = "Test Files";
			sourceTree = "<group>";
		};
		29B97314FDCFA39411CA2CEA /* BSJSONAdditions */ = {
			isa = PBXGroup;
			children = (
				080E96DDFE201D6D7F000001 /* Classes */,
				289A902F0992AA150026B656 /* UnitTests */,
				29B97323FDCFA39411CA2CEA /* Frameworks */,
				19C28FACFE9D520D11CA2CBB /* Products */,
			);
			name = BSJSONAdditions;
			sourceTree = "<group>";
		};
		29B97323FDCFA39411CA2CEA /* Frameworks */ = {
			isa = PBXGroup;
			children = (
				1058C7A0FEA54F0111CA2CBB /* Linked Frameworks */,
				1058C7A2FEA54F0111CA2CBB /* Other Frameworks */,
			);
			name = Frameworks;
			sourceTree = "<group>";
		};
		B146FFA6106D253E00C857BF /* Build Support */ = {
			isa = PBXGroup;
			children = (
				B146FDB1106D1BB400C857BF /* UnitTests_Prefix.pch */,
				28278CEB0991DC5000BCE5A7 /* UnitTests-Info.plist */,
				B146FD61106D16E800C857BF /* UnitTestSetup.applescript */,
				B146FDB8106D1C0E00C857BF /* Debug.xcconfig */,
				B146FDBB106D1C1C00C857BF /* Release.xcconfig */,
			);
			name = "Build Support";
			sourceTree = "<group>";
		};
/* End PBXGroup section */

/* Begin PBXNativeTarget section */
		28278CE90991DC5000BCE5A7 /* UnitTests */ = {
			isa = PBXNativeTarget;
			buildConfigurationList = 28278CED0991DC5100BCE5A7 /* Build configuration list for PBXNativeTarget "UnitTests" */;
			buildPhases = (
				28278CE60991DC5000BCE5A7 /* Sources */,
				28278CE70991DC5000BCE5A7 /* Frameworks */,
				28278CE50991DC5000BCE5A7 /* Resources */,
			);
			buildRules = (
			);
			dependencies = (
			);
			name = UnitTests;
			productName = "Unit Tests";
			productReference = 28278CEA0991DC5000BCE5A7 /* UnitTests.octest */;
			productType = "com.apple.product-type.bundle";
		};
/* End PBXNativeTarget section */

/* Begin PBXProject section */
		29B97313FDCFA39411CA2CEA /* Project object */ = {
			isa = PBXProject;
			buildConfigurationList = C01FCF4E08A954540054247B /* Build configuration list for PBXProject "BSJSONAdditions" */;
			compatibilityVersion = "Xcode 2.4";
			hasScannedForEncodings = 1;
			mainGroup = 29B97314FDCFA39411CA2CEA /* BSJSONAdditions */;
			projectDirPath = "";
			projectRoot = "";
			targets = (
				B146FF2F106D1FA600C857BF /* Configure Project for Unit Testing */,
				28278CE90991DC5000BCE5A7 /* UnitTests */,
			);
		};
/* End PBXProject section */

/* Begin PBXResourcesBuildPhase section */
		28278CE50991DC5000BCE5A7 /* Resources */ = {
			isa = PBXResourcesBuildPhase;
			buildActionMask = 2147483647;
			files = (
				58B8090E0FCDBDD9002EBA8C /* json_test_invalid_01.txt in Resources */,
				58B8090F0FCDBDD9002EBA8C /* json_test_valid_01.txt in Resources */,
				58B809100FCDBDD9002EBA8C /* json_test_valid_02.txt in Resources */,
				58B809110FCDBDD9002EBA8C /* json_test_valid_03.txt in Resources */,
				58B809120FCDBDD9002EBA8C /* json_test_valid_04.txt in Resources */,
				58B809130FCDBDD9002EBA8C /* json_test_valid_05.txt in Resources */,
				58B809140FCDBDD9002EBA8C /* json_test_valid_06.txt in Resources */,
			);
			runOnlyForDeploymentPostprocessing = 0;
		};
/* End PBXResourcesBuildPhase section */

/* Begin PBXShellScriptBuildPhase section */
		B146FF2E106D1FA600C857BF /* ShellScript */ = {
			isa = PBXShellScriptBuildPhase;
			buildActionMask = 2147483647;
			files = (
			);
			inputPaths = (
			);
			outputPaths = (
			);
			runOnlyForDeploymentPostprocessing = 0;
			shellPath = /bin/sh;
			shellScript = "osascript ${PROJECT_DIR}/UnitTests/UnitTestSetup.applescript\n";
		};
/* End PBXShellScriptBuildPhase section */

/* Begin PBXSourcesBuildPhase section */
		28278CE60991DC5000BCE5A7 /* Sources */ = {
			isa = PBXSourcesBuildPhase;
			buildActionMask = 2147483647;
			files = (
				28278CF50991DC8F00BCE5A7 /* NSDictionary+BSJSONAdditions.m in Sources */,
				28278CFA0991DC9F00BCE5A7 /* NSScanner+BSJSONAdditions.m in Sources */,
				2889EE950F7956BB00B514B9 /* NSArray+BSJSONAdditions.m in Sources */,
				2889EE9D0F7997E500B514B9 /* NSString+BSJSONAdditions.m in Sources */,
				581BAB610FCC62C100FC9A5F /* BSJSONEncoder.m in Sources */,
				58B809040FCDBDB8002EBA8C /* NSScannerAdditionTests.m in Sources */,
				58B809050FCDBDB8002EBA8C /* JSONValidTests.m in Sources */,
				58B809060FCDBDB8002EBA8C /* NSArray_UnitTests.m in Sources */,
				58B809170FCDBDE5002EBA8C /* NSString_UnitTests.m in Sources */,
				58B809400FCDC791002EBA8C /* NSDictionary_UnitTests.m in Sources */,
			);
			runOnlyForDeploymentPostprocessing = 0;
		};
/* End PBXSourcesBuildPhase section */

/* Begin XCBuildConfiguration section */
		28278CEE0991DC5100BCE5A7 /* Debug */ = {
			isa = XCBuildConfiguration;
			baseConfigurationReference = B146FDB8106D1C0E00C857BF /* Debug.xcconfig */;
			buildSettings = {
			};
			name = Debug;
		};
		28278CEF0991DC5100BCE5A7 /* Release */ = {
			isa = XCBuildConfiguration;
			baseConfigurationReference = B146FDBB106D1C1C00C857BF /* Release.xcconfig */;
			buildSettings = {
			};
			name = Release;
		};
		B146FF30106D1FA600C857BF /* Debug */ = {
			isa = XCBuildConfiguration;
			buildSettings = {
				COPY_PHASE_STRIP = NO;
				GCC_DYNAMIC_NO_PIC = NO;
				GCC_OPTIMIZATION_LEVEL = 0;
				PRODUCT_NAME = Untitled;
			};
			name = Debug;
		};
		B146FF31106D1FA600C857BF /* Release */ = {
			isa = XCBuildConfiguration;
			buildSettings = {
				COPY_PHASE_STRIP = YES;
				DEBUG_INFORMATION_FORMAT = "dwarf-with-dsym";
				GCC_ENABLE_FIX_AND_CONTINUE = NO;
				PRODUCT_NAME = Untitled;
				ZERO_LINK = NO;
			};
			name = Release;
		};
		C01FCF4F08A954540054247B /* Debug */ = {
			isa = XCBuildConfiguration;
			buildSettings = {
			};
			name = Debug;
		};
		C01FCF5008A954540054247B /* Release */ = {
			isa = XCBuildConfiguration;
			buildSettings = {
			};
			name = Release;
		};
/* End XCBuildConfiguration section */

/* Begin XCConfigurationList section */
		28278CED0991DC5100BCE5A7 /* Build configuration list for PBXNativeTarget "UnitTests" */ = {
			isa = XCConfigurationList;
			buildConfigurations = (
				28278CEE0991DC5100BCE5A7 /* Debug */,
				28278CEF0991DC5100BCE5A7 /* Release */,
			);
			defaultConfigurationIsVisible = 0;
			defaultConfigurationName = Release;
		};
		B146FF4A106D200D00C857BF /* Build configuration list for PBXAggregateTarget "Configure Project for Unit Testing" */ = {
			isa = XCConfigurationList;
			buildConfigurations = (
				B146FF30106D1FA600C857BF /* Debug */,
				B146FF31106D1FA600C857BF /* Release */,
			);
			defaultConfigurationIsVisible = 0;
			defaultConfigurationName = Release;
		};
		C01FCF4E08A954540054247B /* Build configuration list for PBXProject "BSJSONAdditions" */ = {
			isa = XCConfigurationList;
			buildConfigurations = (
				C01FCF4F08A954540054247B /* Debug */,
				C01FCF5008A954540054247B /* Release */,
			);
			defaultConfigurationIsVisible = 0;
			defaultConfigurationName = Release;
		};
/* End XCConfigurationList section */
	};
	rootObject = 29B97313FDCFA39411CA2CEA /* Project object */;
}
